# This file is generated by running "yarn install" inside your project.
# Manual changes might be lost - proceed with caution!

__metadata:
  version: 4
  cacheKey: 7

"@smrq/mini-remote@workspace:.":
  version: 0.0.0-use.local
  resolution: "@smrq/mini-remote@workspace:."
  dependencies:
    "@smrq/openscad-js": ^1.0.5
  languageName: unknown
  linkType: soft

"@smrq/openscad-js@npm:^1.0.5":
  version: 1.0.5
  resolution: "@smrq/openscad-js@npm:1.0.5"
  checksum: 6d21aaea19f028ee019166bff05d572f95786fe200875bc4f3b82fbde11491975ef53076038fa6138e961befaeb690ee77fb3cdbe904587acb51656a090e945e
  languageName: node
  linkType: hard
